// !$*UTF8*$!
{
	archiveVersion = 1;
	classes = {
	};
	objectVersion = 46;
	objects = {

/* Begin PBXBuildFile section */
		843B55121CE8654E00DB2F1A /* provinces_cities.plist in Resources */ = {isa = PBXBuildFile; fileRef = 843B55111CE8654E00DB2F1A /* provinces_cities.plist */; };
		84BD510A1CE0D3D00032BB21 /* AppDelegate.swift in Sources */ = {isa = PBXBuildFile; fileRef = 84BD51091CE0D3D00032BB21 /* AppDelegate.swift */; };
		84BD510C1CE0D3D00032BB21 /* ViewController.swift in Sources */ = {isa = PBXBuildFile; fileRef = 84BD510B1CE0D3D00032BB21 /* ViewController.swift */; };
		84BD510F1CE0D3D00032BB21 /* Main.storyboard in Resources */ = {isa = PBXBuildFile; fileRef = 84BD510D1CE0D3D00032BB21 /* Main.storyboard */; };
		84BD51111CE0D3D00032BB21 /* Assets.xcassets in Resources */ = {isa = PBXBuildFile; fileRef = 84BD51101CE0D3D00032BB21 /* Assets.xcassets */; };
		84BD51141CE0D3D00032BB21 /* LaunchScreen.storyboard in Resources */ = {isa = PBXBuildFile; fileRef = 84BD51121CE0D3D00032BB21 /* LaunchScreen.storyboard */; };
		84BD511F1CE0D3D00032BB21 /* DatePickerSampleTests.swift in Sources */ = {isa = PBXBuildFile; fileRef = 84BD511E1CE0D3D00032BB21 /* DatePickerSampleTests.swift */; };
/* End PBXBuildFile section */

/* Begin PBXContainerItemProxy section */
		84BD511B1CE0D3D00032BB21 /* PBXContainerItemProxy */ = {
			isa = PBXContainerItemProxy;
			containerPortal = 84BD50FE1CE0D3D00032BB21 /* Project object */;
			proxyType = 1;
			remoteGlobalIDString = 84BD51051CE0D3D00032BB21;
			remoteInfo = DatePickerSample;
		};
/* End PBXContainerItemProxy section */

/* Begin PBXFileReference section */
		843B55111CE8654E00DB2F1A /* provinces_cities.plist */ = {isa = PBXFileReference; fileEncoding = 4; lastKnownFileType = text.plist.xml; name = provinces_cities.plist; path = "../../../../Downloads/iOS开发指南/ch5/资源/provinces_cities.plist"; sourceTree = "<group>"; };
		84BD51061CE0D3D00032BB21 /* DatePickerSample.app */ = {isa = PBXFileReference; explicitFileType = wrapper.application; includeInIndex = 0; path = DatePickerSample.app; sourceTree = BUILT_PRODUCTS_DIR; };
		84BD51091CE0D3D00032BB21 /* AppDelegate.swift */ = {isa = PBXFileReference; lastKnownFileType = sourcecode.swift; path = AppDelegate.swift; sourceTree = "<group>"; };
		84BD510B1CE0D3D00032BB21 /* ViewController.swift */ = {isa = PBXFileReference; lastKnownFileType = sourcecode.swift; path = ViewController.swift; sourceTree = "<group>"; };
		84BD510E1CE0D3D00032BB21 /* Base */ = {isa = PBXFileReference; lastKnownFileType = file.storyboard; name = Base; path = Base.lproj/Main.storyboard; sourceTree = "<group>"; };
		84BD51101CE0D3D00032BB21 /* Assets.xcassets */ = {isa = PBXFileReference; lastKnownFileType = folder.assetcatalog; path = Assets.xcassets; sourceTree = "<group>"; };
		84BD51131CE0D3D00032BB21 /* Base */ = {isa = PBXFileReference; lastKnownFileType = file.storyboard; name = Base; path = Base.lproj/LaunchScreen.storyboard; sourceTree = "<group>"; };
		84BD51151CE0D3D00032BB21 /* Info.plist */ = {isa = PBXFileReference; lastKnownFileType = text.plist.xml; path = Info.plist; sourceTree = "<group>"; };
		84BD511A1CE0D3D00032BB21 /* DatePickerSampleTests.xctest */ = {isa = PBXFileReference; explicitFileType = wrapper.cfbundle; includeInIndex = 0; path = DatePickerSampleTests.xctest; sourceTree = BUILT_PRODUCTS_DIR; };
		84BD511E1CE0D3D00032BB21 /* DatePickerSampleTests.swift */ = {isa = PBXFileReference; lastKnownFileType = sourcecode.swift; path = DatePickerSampleTests.swift; sourceTree = "<group>"; };
		84BD51201CE0D3D00032BB21 /* Info.plist */ = {isa = PBXFileReference; lastKnownFileType = text.plist.xml; path = Info.plist; sourceTree = "<group>"; };
/* End PBXFileReference section */

/* Begin PBXFrameworksBuildPhase section */
		84BD51031CE0D3D00032BB21 /* Frameworks */ = {
			isa = PBXFrameworksBuildPhase;
			buildActionMask = 2147483647;
			files = (
			);
			runOnlyForDeploymentPostprocessing = 0;
		};
		84BD51171CE0D3D00032BB21 /* Frameworks */ = {
			isa = PBXFrameworksBuildPhase;
			buildActionMask = 2147483647;
			files = (
			);
			runOnlyForDeploymentPostprocessing = 0;
		};
/* End PBXFrameworksBuildPhase section */

/* Begin PBXGroup section */
		84BD50FD1CE0D3D00032BB21 = {
			isa = PBXGroup;
			children = (
				84BD51081CE0D3D00032BB21 /* DatePickerSample */,
				84BD511D1CE0D3D00032BB21 /* DatePickerSampleTests */,
				84BD51071CE0D3D00032BB21 /* Products */,
			);
			sourceTree = "<group>";
		};
		84BD51071CE0D3D00032BB21 /* Products */ = {
			isa = PBXGroup;
			children = (
				84BD51061CE0D3D00032BB21 /* DatePickerSample.app */,
				84BD511A1CE0D3D00032BB21 /* DatePickerSampleTests.xctest */,
			);
			name = Products;
			sourceTree = "<group>";
		};
		84BD51081CE0D3D00032BB21 /* DatePickerSample */ = {
			isa = PBXGroup;
			children = (
				843B55111CE8654E00DB2F1A /* provinces_cities.plist */,
				84BD51091CE0D3D00032BB21 /* AppDelegate.swift */,
				84BD510B1CE0D3D00032BB21 /* ViewController.swift */,
				84BD510D1CE0D3D00032BB21 /* Main.storyboard */,
				84BD51101CE0D3D00032BB21 /* Assets.xcassets */,
				84BD51121CE0D3D00032BB21 /* LaunchScreen.storyboard */,
				84BD51151CE0D3D00032BB21 /* Info.plist */,
			);
			path = DatePickerSample;
			sourceTree = "<group>";
		};
		84BD511D1CE0D3D00032BB21 /* DatePickerSampleTests */ = {
			isa = PBXGroup;
			children = (
				84BD511E1CE0D3D00032BB21 /* DatePickerSampleTests.swift */,
				84BD51201CE0D3D00032BB21 /* Info.plist */,
			);
			path = DatePickerSampleTests;
			sourceTree = "<group>";
		};
/* End PBXGroup section */

/* Begin PBXNativeTarget section */
		84BD51051CE0D3D00032BB21 /* DatePickerSample */ = {
			isa = PBXNativeTarget;
			buildConfigurationList = 84BD51231CE0D3D00032BB21 /* Build configuration list for PBXNativeTarget "DatePickerSample" */;
			buildPhases = (
				84BD51021CE0D3D00032BB21 /* Sources */,
				84BD51031CE0D3D00032BB21 /* Frameworks */,
				84BD51041CE0D3D00032BB21 /* Resources */,
			);
			buildRules = (
			);
			dependencies = (
			);
			name = DatePickerSample;
			productName = DatePickerSample;
			productReference = 84BD51061CE0D3D00032BB21 /* DatePickerSample.app */;
			productType = "com.apple.product-type.application";
		};
		84BD51191CE0D3D00032BB21 /* DatePickerSampleTests */ = {
			isa = PBXNativeTarget;
			buildConfigurationList = 84BD51261CE0D3D00032BB21 /* Build configuration list for PBXNativeTarget "DatePickerSampleTests" */;
			buildPhases = (
				84BD51161CE0D3D00032BB21 /* Sources */,
				84BD51171CE0D3D00032BB21 /* Frameworks */,
				84BD51181CE0D3D00032BB21 /* Resources */,
			);
			buildRules = (
			);
			dependencies = (
				84BD511C1CE0D3D00032BB21 /* PBXTargetDependency */,
			);
			name = DatePickerSampleTests;
			productName = DatePickerSampleTests;
			productReference = 84BD511A1CE0D3D00032BB21 /* DatePickerSampleTests.xctest */;
			productType = "com.apple.product-type.bundle.unit-test";
		};
/* End PBXNativeTarget section */

/* Begin PBXProject section */
		84BD50FE1CE0D3D00032BB21 /* Project object */ = {
			isa = PBXProject;
			attributes = {
				LastSwiftUpdateCheck = 0720;
				LastUpgradeCheck = 0720;
				ORGANIZATIONNAME = tianxing;
				TargetAttributes = {
					84BD51051CE0D3D00032BB21 = {
						CreatedOnToolsVersion = 7.2.1;
					};
					84BD51191CE0D3D00032BB21 = {
						CreatedOnToolsVersion = 7.2.1;
						TestTargetID = 84BD51051CE0D3D00032BB21;
					};
				};
			};
			buildConfigurationList = 84BD51011CE0D3D00032BB21 /* Build configuration list for PBXProject "DatePickerSample" */;
			compatibilityVersion = "Xcode 3.2";
			developmentRegion = English;
			hasScannedForEncodings = 0;
			knownRegions = (
				en,
				Base,
			);
			mainGroup = 84BD50FD1CE0D3D00032BB21;
			productRefGroup = 84BD51071CE0D3D00032BB21 /* Products */;
			projectDirPath = "";
			projectRoot = "";
			targets = (
				84BD51051CE0D3D00032BB21 /* DatePickerSample */,
				84BD51191CE0D3D00032BB21 /* DatePickerSampleTests */,
			);
		};
/* End PBXProject section */

/* Begin PBXResourcesBuildPhase section */
		84BD51041CE0D3D00032BB21 /* Resources */ = {
			isa = PBXResourcesBuildPhase;
			buildActionMask = 2147483647;
			files = (
				84BD51141CE0D3D00032BB21 /* LaunchScreen.storyboard in Resources */,
				843B55121CE8654E00DB2F1A /* provinces_cities.plist in Resources */,
				84BD51111CE0D3D00032BB21 /* Assets.xcassets in Resources */,
				84BD510F1CE0D3D00032BB21 /* Main.storyboard in Resources */,
			);
			runOnlyForDeploymentPostprocessing = 0;
		};
		84BD51181CE0D3D00032BB21 /* Resources */ = {
			isa = PBXResourcesBuildPhase;
			buildActionMask = 2147483647;
			files = (
			);
			runOnlyForDeploymentPostprocessing = 0;
		};
/* End PBXResourcesBuildPhase section */

/* Begin PBXSourcesBuildPhase section */
		84BD51021CE0D3D00032BB21 /* Sources */ = {
			isa = PBXSourcesBuildPhase;
			buildActionMask = 2147483647;
			files = (
				84BD510C1CE0D3D00032BB21 /* ViewController.swift in Sources */,
				84BD510A1CE0D3D00032BB21 /* AppDelegate.swift in Sources */,
			);
			runOnlyForDeploymentPostprocessing = 0;
		};
		84BD51161CE0D3D00032BB21 /* Sources */ = {
			isa = PBXSourcesBuildPhase;
			buildActionMask = 2147483647;
			files = (
				84BD511F1CE0D3D00032BB21 /* DatePickerSampleTests.swift in Sources */,
			);
			runOnlyForDeploymentPostprocessing = 0;
		};
/* End PBXSourcesBuildPhase section */

/* Begin PBXTargetDependency section */
		84BD511C1CE0D3D00032BB21 /* PBXTargetDependency */ = {
			isa = PBXTargetDependency;
			target = 84BD51051CE0D3D00032BB21 /* DatePickerSample */;
			targetProxy = 84BD511B1CE0D3D00032BB21 /* PBXContainerItemProxy */;
		};
/* End PBXTargetDependency section */

/* Begin PBXVariantGroup section */
		84BD510D1CE0D3D00032BB21 /* Main.storyboard */ = {
			isa = PBXVariantGroup;
			children = (
				84BD510E1CE0D3D00032BB21 /* Base */,
			);
			name = Main.storyboard;
			sourceTree = "<group>";
		};
		84BD51121CE0D3D00032BB21 /* LaunchScreen.storyboard */ = {
			isa = PBXVariantGroup;
			children = (
				84BD51131CE0D3D00032BB21 /* Base */,
			);
			name = LaunchScreen.storyboard;
			sourceTree = "<group>";
		};
/* End PBXVariantGroup section */

/* Begin XCBuildConfiguration section */
		84BD51211CE0D3D00032BB21 /* Debug */ = {
			isa = XCBuildConfiguration;
			buildSettings = {
				ALWAYS_SEARCH_USER_PATHS = NO;
				CLANG_CXX_LANGUAGE_STANDARD = "gnu++0x";
				CLANG_CXX_LIBRARY = "libc++";
				CLANG_ENABLE_MODULES = YES;
				CLANG_ENABLE_OBJC_ARC = YES;
				CLANG_WARN_BOOL_CONVERSION = YES;
				CLANG_WARN_CONSTANT_CONVERSION = YES;
				CLANG_WARN_DIRECT_OBJC_ISA_USAGE = YES_ERROR;
				CLANG_WARN_EMPTY_BODY = YES;
				CLANG_WARN_ENUM_CONVERSION = YES;
				CLANG_WARN_INT_CONVERSION = YES;
				CLANG_WARN_OBJC_ROOT_CLASS = YES_ERROR;
				CLANG_WARN_UNREACHABLE_CODE = YES;
				CLANG_WARN__DUPLICATE_METHOD_MATCH = YES;
				"CODE_SIGN_IDENTITY[sdk=iphoneos*]" = "iPhone Developer";
				COPY_PHASE_STRIP = NO;
				DEBUG_INFORMATION_FORMAT = dwarf;
				ENABLE_STRICT_OBJC_MSGSEND = YES;
				ENABLE_TESTABILITY = YES;
				GCC_C_LANGUAGE_STANDARD = gnu99;
				GCC_DYNAMIC_NO_PIC = NO;
				GCC_NO_COMMON_BLOCKS = YES;
				GCC_OPTIMIZATION_LEVEL = 0;
				GCC_PREPROCESSOR_DEFINITIONS = (
					"DEBUG=1",
					"$(inherited)",
				);
				GCC_WARN_64_TO_32_BIT_CONVERSION = YES;
				GCC_WARN_ABOUT_RETURN_TYPE = YES_ERROR;
				GCC_WARN_UNDECLARED_SELECTOR = YES;
				GCC_WARN_UNINITIALIZED_AUTOS = YES_AGGRESSIVE;
				GCC_WARN_UNUSED_FUNCTION = YES;
				GCC_WARN_UNUSED_VARIABLE = YES;
				IPHONEOS_DEPLOYMENT_TARGET = 9.2;
				MTL_ENABLE_DEBUG_INFO = YES;
				ONLY_ACTIVE_ARCH = YES;
				SDKROOT = iphoneos;
				SWIFT_OPTIMIZATION_LEVEL = "-Onone";
			};
			name = Debug;
		};
		84BD51221CE0D3D00032BB21 /* Release */ = {
			isa = XCBuildConfiguration;
			buildSettings = {
				ALWAYS_SEARCH_USER_PATHS = NO;
				CLANG_CXX_LANGUAGE_STANDARD = "gnu++0x";
				CLANG_CXX_LIBRARY = "libc++";
				CLANG_ENABLE_MODULES = YES;
				CLANG_ENABLE_OBJC_ARC = YES;
				CLANG_WARN_BOOL_CONVERSION = YES;
				CLANG_WARN_CONSTANT_CONVERSION = YES;
				CLANG_WARN_DIRECT_OBJC_ISA_USAGE = YES_ERROR;
				CLANG_WARN_EMPTY_BODY = YES;
				CLANG_WARN_ENUM_CONVERSION = YES;
				CLANG_WARN_INT_CONVERSION = YES;
				CLANG_WARN_OBJC_ROOT_CLASS = YES_ERROR;
				CLANG_WARN_UNREACHABLE_CODE = YES;
				CLANG_WARN__DUPLICATE_METHOD_MATCH = YES;
				"CODE_SIGN_IDENTITY[sdk=iphoneos*]" = "iPhone Developer";
				COPY_PHASE_STRIP = NO;
				DEBUG_INFORMATION_FORMAT = "dwarf-with-dsym";
				ENABLE_NS_ASSERTIONS = NO;
				ENABLE_STRICT_OBJC_MSGSEND = YES;
				GCC_C_LANGUAGE_STANDARD = gnu99;
				GCC_NO_COMMON_BLOCKS = YES;
				GCC_WARN_64_TO_32_BIT_CONVERSION = YES;
				GCC_WARN_ABOUT_RETURN_TYPE = YES_ERROR;
				GCC_WARN_UNDECLARED_SELECTOR = YES;
				GCC_WARN_UNINITIALIZED_AUTOS = YES_AGGRESSIVE;
				GCC_WARN_UNUSED_FUNCTION = YES;
				GCC_WARN_UNUSED_VARIABLE = YES;
				IPHONEOS_DEPLOYMENT_TARGET = 9.2;
				MTL_ENABLE_DEBUG_INFO = NO;
				SDKROOT = iphoneos;
				VALIDATE_PRODUCT = YES;
			};
			name = Release;
		};
		84BD51241CE0D3D00032BB21 /* Debug */ = {
			isa = XCBuildConfiguration;
			buildSettings = {
				ASSETCATALOG_COMPILER_APPICON_NAME = AppIcon;
				INFOPLIST_FILE = DatePickerSample/Info.plist;
				LD_RUNPATH_SEARCH_PATHS = "$(inherited) @executable_path/Frameworks";
				PRODUCT_BUNDLE_IDENTIFIER = com.tianxing.DatePickerSample;
				PRODUCT_NAME = "$(TARGET_NAME)";
			};
			name = Debug;
		};
		84BD51251CE0D3D00032BB21 /* Release */ = {
			isa = XCBuildConfiguration;
			buildSettings = {
				ASSETCATALOG_COMPILER_APPICON_NAME = AppIcon;
				INFOPLIST_FILE = DatePickerSample/Info.plist;
				LD_RUNPATH_SEARCH_PATHS = "$(inherited) @executable_path/Frameworks";
				PRODUCT_BUNDLE_IDENTIFIER = com.tianxing.DatePickerSample;
				PRODUCT_NAME = "$(TARGET_NAME)";
			};
			name = Release;
		};
		84BD51271CE0D3D00032BB21 /* Debug */ = {
			isa = XCBuildConfiguration;
			buildSettings = {
				BUNDLE_LOADER = "$(TEST_HOST)";
				INFOPLIST_FILE = DatePickerSampleTests/Info.plist;
				LD_RUNPATH_SEARCH_PATHS = "$(inherited) @executable_path/Frameworks @loader_path/Frameworks";
				PRODUCT_BUNDLE_IDENTIFIER = com.tianxing.DatePickerSampleTests;
				PRODUCT_NAME = "$(TARGET_NAME)";
				TEST_HOST = "$(BUILT_PRODUCTS_DIR)/DatePickerSample.app/DatePickerSample";
			};
			name = Debug;
		};
		84BD51281CE0D3D00032BB21 /* Release */ = {
			isa = XCBuildConfiguration;
			buildSettings = {
				BUNDLE_LOADER = "$(TEST_HOST)";
				INFOPLIST_FILE = DatePickerSampleTests/Info.plist;
				LD_RUNPATH_SEARCH_PATHS = "$(inherited) @executable_path/Frameworks @loader_path/Frameworks";
				PRODUCT_BUNDLE_IDENTIFIER = com.tianxing.DatePickerSampleTests;
				PRODUCT_NAME = "$(TARGET_NAME)";
				TEST_HOST = "$(BUILT_PRODUCTS_DIR)/DatePickerSample.app/DatePickerSample";
			};
			name = Release;
		};
/* End XCBuildConfiguration section */

/* Begin XCConfigurationList section */
		84BD51011CE0D3D00032BB21 /* Build configuration list for PBXProject "DatePickerSample" */ = {
			isa = XCConfigurationList;
			buildConfigurations = (
				84BD51211CE0D3D00032BB21 /* Debug */,
				84BD51221CE0D3D00032BB21 /* Release */,
			);
			defaultConfigurationIsVisible = 0;
			defaultConfigurationName = Release;
		};
		84BD51231CE0D3D00032BB21 /* Build configuration list for PBXNativeTarget "DatePickerSample" */ = {
			isa = XCConfigurationList;
			buildConfigurations = (
				84BD51241CE0D3D00032BB21 /* Debug */,
				84BD51251CE0D3D00032BB21 /* Release */,
			);
			defaultConfigurationIsVisible = 0;
			defaultConfigurationName = Release;
		};
		84BD51261CE0D3D00032BB21 /* Build configuration list for PBXNativeTarget "DatePickerSampleTests" */ = {
			isa = XCConfigurationList;
			buildConfigurations = (
				84BD51271CE0D3D00032BB21 /* Debug */,
				84BD51281CE0D3D00032BB21 /* Release */,
			);
			defaultConfigurationIsVisible = 0;
			defaultConfigurationName = Release;
		};
/* End XCConfigurationList section */
	};
	rootObject = 84BD50FE1CE0D3D00032BB21 /* Project object */;
}
